
Microsoft Visual Studio Solution File, Format Version 12.00
# Visual Studio Version 17
VisualStudioVersion = 17.9.34407.89
MinimumVisualStudioVersion = 10.0.40219.1
Project("{2150E333-8FDC-42A3-9474-1A3956D46DE8}") = "src", "src", "{23C114B9-080A-47BC-9FE7-673E1E0B9856}"
EndProject
Project("{2150E333-8FDC-42A3-9474-1A3956D46DE8}") = "tests", "tests", "{C087DEB7-775E-41AA-A635-7961034570DC}"
EndProject
Project("{2150E333-8FDC-42A3-9474-1A3956D46DE8}") = ".github", ".github", "{E5C09263-101F-497B-86CD-AF3CCB277F43}"
	ProjectSection(SolutionItems) = preProject
		.github\workflows\ci.yml = .github\workflows\ci.yml
	EndProjectSection
EndProject
Project("{2150E333-8FDC-42A3-9474-1A3956D46DE8}") = "_", "_", "{5DB2BFC3-D691-4081-855D-744D50C9EEF2}"
	ProjectSection(SolutionItems) = preProject
		.editorconfig = .editorconfig
		.gitignore = .gitignore
		Directory.Build.props = Directory.Build.props
		Directory.Packages.props = Directory.Packages.props
		global.json = global.json
		LICENSE = LICENSE
		NuGet.config = NuGet.config
		README.md = README.md
		version.json = version.json
	EndProjectSection
EndProject
Project("{9A19103F-16F7-4668-BE54-9A1E7A4F7556}") = "StrongOf", "src\StrongOf\StrongOf.csproj", "{72893F62-1AD7-46A0-8F97-F813119685FE}"
EndProject
Project("{9A19103F-16F7-4668-BE54-9A1E7A4F7556}") = "StrongOf.AspNetCore", "src\StrongOf.AspNetCore\StrongOf.AspNetCore.csproj", "{0158837D-1931-445E-B8B4-60144B4ED9D6}"
EndProject
Project("{9A19103F-16F7-4668-BE54-9A1E7A4F7556}") = "StrongOf.Json", "src\StrongOf.Json\StrongOf.Json.csproj", "{38C2CAEF-282A-4DB8-BD46-90C93EA8CD10}"
EndProject
Project("{9A19103F-16F7-4668-BE54-9A1E7A4F7556}") = "StrongOf.Json.UnitTests", "tests\StrongOf.Json.UnitTests\StrongOf.Json.UnitTests.csproj", "{D77A2C90-177F-4136-99F8-9BFCF903B289}"
EndProject
Project("{9A19103F-16F7-4668-BE54-9A1E7A4F7556}") = "StrongOf.UnitTests", "tests\StrongOf.UnitTests\StrongOf.UnitTests.csproj", "{0C62481D-5C5E-4F78-BB26-8477F0FD8AE4}"
EndProject
Project("{2150E333-8FDC-42A3-9474-1A3956D46DE8}") = "perf", "perf", "{4AAB4675-C1B3-49E1-87DA-72E66D8AF90C}"
EndProject
Project("{9A19103F-16F7-4668-BE54-9A1E7A4F7556}") = "StrongOf.Benchmarks", "perf\StrongOf.Benchmarks\StrongOf.Benchmarks.csproj", "{DAC3D916-3080-473A-8F9C-7556B9D9BBFC}"
EndProject
Project("{9A19103F-16F7-4668-BE54-9A1E7A4F7556}") = "StrongOf.FluentValidation", "src\StrongOf.FluentValidation\StrongOf.FluentValidation.csproj", "{65E24D12-B53F-4455-95B7-9C6A2CA89894}"
EndProject
Project("{9A19103F-16F7-4668-BE54-9A1E7A4F7556}") = "StrongOf.FluentValidation.UnitTests", "tests\StrongOf.FluentValidation.UnitTests\StrongOf.FluentValidation.UnitTests.csproj", "{E936BCE7-100B-4D33-B0CA-67D0109CEA10}"
EndProject
Project("{FAE04EC0-301F-11D3-BF4B-00C04F79EFBC}") = "StrongOf.Domains", "src\StrongOf.Domains\StrongOf.Domains.csproj", "{5FBF24C3-6953-4938-96BD-BC3ECFEC2899}"
EndProject
Project("{FAE04EC0-301F-11D3-BF4B-00C04F79EFBC}") = "StrongOf.Domains.UnitTests", "tests\StrongOf.Domains.UnitTests\StrongOf.Domains.UnitTests.csproj", "{F739C970-C79D-4F02-9F49-094A02753C92}"
EndProject
Global
	GlobalSection(SolutionConfigurationPlatforms) = preSolution
		Debug|Any CPU = Debug|Any CPU
		Debug|x64 = Debug|x64
		Debug|x86 = Debug|x86
		Release|Any CPU = Release|Any CPU
		Release|x64 = Release|x64
		Release|x86 = Release|x86
	EndGlobalSection
	GlobalSection(ProjectConfigurationPlatforms) = postSolution
		{72893F62-1AD7-46A0-8F97-F813119685FE}.Debug|Any CPU.ActiveCfg = Debug|Any CPU
		{72893F62-1AD7-46A0-8F97-F813119685FE}.Debug|Any CPU.Build.0 = Debug|Any CPU
		{72893F62-1AD7-46A0-8F97-F813119685FE}.Debug|x64.ActiveCfg = Debug|Any CPU
		{72893F62-1AD7-46A0-8F97-F813119685FE}.Debug|x64.Build.0 = Debug|Any CPU
		{72893F62-1AD7-46A0-8F97-F813119685FE}.Debug|x86.ActiveCfg = Debug|Any CPU
		{72893F62-1AD7-46A0-8F97-F813119685FE}.Debug|x86.Build.0 = Debug|Any CPU
		{72893F62-1AD7-46A0-8F97-F813119685FE}.Release|Any CPU.ActiveCfg = Release|Any CPU
		{72893F62-1AD7-46A0-8F97-F813119685FE}.Release|Any CPU.Build.0 = Release|Any CPU
		{72893F62-1AD7-46A0-8F97-F813119685FE}.Release|x64.ActiveCfg = Release|Any CPU
		{72893F62-1AD7-46A0-8F97-F813119685FE}.Release|x64.Build.0 = Release|Any CPU
		{72893F62-1AD7-46A0-8F97-F813119685FE}.Release|x86.ActiveCfg = Release|Any CPU
		{72893F62-1AD7-46A0-8F97-F813119685FE}.Release|x86.Build.0 = Release|Any CPU
		{0158837D-1931-445E-B8B4-60144B4ED9D6}.Debug|Any CPU.ActiveCfg = Debug|Any CPU
		{0158837D-1931-445E-B8B4-60144B4ED9D6}.Debug|Any CPU.Build.0 = Debug|Any CPU
		{0158837D-1931-445E-B8B4-60144B4ED9D6}.Debug|x64.ActiveCfg = Debug|Any CPU
		{0158837D-1931-445E-B8B4-60144B4ED9D6}.Debug|x64.Build.0 = Debug|Any CPU
		{0158837D-1931-445E-B8B4-60144B4ED9D6}.Debug|x86.ActiveCfg = Debug|Any CPU
		{0158837D-1931-445E-B8B4-60144B4ED9D6}.Debug|x86.Build.0 = Debug|Any CPU
		{0158837D-1931-445E-B8B4-60144B4ED9D6}.Release|Any CPU.ActiveCfg = Release|Any CPU
		{0158837D-1931-445E-B8B4-60144B4ED9D6}.Release|Any CPU.Build.0 = Release|Any CPU
		{0158837D-1931-445E-B8B4-60144B4ED9D6}.Release|x64.ActiveCfg = Release|Any CPU
		{0158837D-1931-445E-B8B4-60144B4ED9D6}.Release|x64.Build.0 = Release|Any CPU
		{0158837D-1931-445E-B8B4-60144B4ED9D6}.Release|x86.ActiveCfg = Release|Any CPU
		{0158837D-1931-445E-B8B4-60144B4ED9D6}.Release|x86.Build.0 = Release|Any CPU
		{38C2CAEF-282A-4DB8-BD46-90C93EA8CD10}.Debug|Any CPU.ActiveCfg = Debug|Any CPU
		{38C2CAEF-282A-4DB8-BD46-90C93EA8CD10}.Debug|Any CPU.Build.0 = Debug|Any CPU
		{38C2CAEF-282A-4DB8-BD46-90C93EA8CD10}.Debug|x64.ActiveCfg = Debug|Any CPU
		{38C2CAEF-282A-4DB8-BD46-90C93EA8CD10}.Debug|x64.Build.0 = Debug|Any CPU
		{38C2CAEF-282A-4DB8-BD46-90C93EA8CD10}.Debug|x86.ActiveCfg = Debug|Any CPU
		{38C2CAEF-282A-4DB8-BD46-90C93EA8CD10}.Debug|x86.Build.0 = Debug|Any CPU
		{38C2CAEF-282A-4DB8-BD46-90C93EA8CD10}.Release|Any CPU.ActiveCfg = Release|Any CPU
		{38C2CAEF-282A-4DB8-BD46-90C93EA8CD10}.Release|Any CPU.Build.0 = Release|Any CPU
		{38C2CAEF-282A-4DB8-BD46-90C93EA8CD10}.Release|x64.ActiveCfg = Release|Any CPU
		{38C2CAEF-282A-4DB8-BD46-90C93EA8CD10}.Release|x64.Build.0 = Release|Any CPU
		{38C2CAEF-282A-4DB8-BD46-90C93EA8CD10}.Release|x86.ActiveCfg = Release|Any CPU
		{38C2CAEF-282A-4DB8-BD46-90C93EA8CD10}.Release|x86.Build.0 = Release|Any CPU
		{D77A2C90-177F-4136-99F8-9BFCF903B289}.Debug|Any CPU.ActiveCfg = Debug|Any CPU
		{D77A2C90-177F-4136-99F8-9BFCF903B289}.Debug|Any CPU.Build.0 = Debug|Any CPU
		{D77A2C90-177F-4136-99F8-9BFCF903B289}.Debug|x64.ActiveCfg = Debug|Any CPU
		{D77A2C90-177F-4136-99F8-9BFCF903B289}.Debug|x64.Build.0 = Debug|Any CPU
		{D77A2C90-177F-4136-99F8-9BFCF903B289}.Debug|x86.ActiveCfg = Debug|Any CPU
		{D77A2C90-177F-4136-99F8-9BFCF903B289}.Debug|x86.Build.0 = Debug|Any CPU
		{D77A2C90-177F-4136-99F8-9BFCF903B289}.Release|Any CPU.ActiveCfg = Release|Any CPU
		{D77A2C90-177F-4136-99F8-9BFCF903B289}.Release|Any CPU.Build.0 = Release|Any CPU
		{D77A2C90-177F-4136-99F8-9BFCF903B289}.Release|x64.ActiveCfg = Release|Any CPU
		{D77A2C90-177F-4136-99F8-9BFCF903B289}.Release|x64.Build.0 = Release|Any CPU
		{D77A2C90-177F-4136-99F8-9BFCF903B289}.Release|x86.ActiveCfg = Release|Any CPU
		{D77A2C90-177F-4136-99F8-9BFCF903B289}.Release|x86.Build.0 = Release|Any CPU
		{0C62481D-5C5E-4F78-BB26-8477F0FD8AE4}.Debug|Any CPU.ActiveCfg = Debug|Any CPU
		{0C62481D-5C5E-4F78-BB26-8477F0FD8AE4}.Debug|Any CPU.Build.0 = Debug|Any CPU
		{0C62481D-5C5E-4F78-BB26-8477F0FD8AE4}.Debug|x64.ActiveCfg = Debug|Any CPU
		{0C62481D-5C5E-4F78-BB26-8477F0FD8AE4}.Debug|x64.Build.0 = Debug|Any CPU
		{0C62481D-5C5E-4F78-BB26-8477F0FD8AE4}.Debug|x86.ActiveCfg = Debug|Any CPU
		{0C62481D-5C5E-4F78-BB26-8477F0FD8AE4}.Debug|x86.Build.0 = Debug|Any CPU
		{0C62481D-5C5E-4F78-BB26-8477F0FD8AE4}.Release|Any CPU.ActiveCfg = Release|Any CPU
		{0C62481D-5C5E-4F78-BB26-8477F0FD8AE4}.Release|Any CPU.Build.0 = Release|Any CPU
		{0C62481D-5C5E-4F78-BB26-8477F0FD8AE4}.Release|x64.ActiveCfg = Release|Any CPU
		{0C62481D-5C5E-4F78-BB26-8477F0FD8AE4}.Release|x64.Build.0 = Release|Any CPU
		{0C62481D-5C5E-4F78-BB26-8477F0FD8AE4}.Release|x86.ActiveCfg = Release|Any CPU
		{0C62481D-5C5E-4F78-BB26-8477F0FD8AE4}.Release|x86.Build.0 = Release|Any CPU
		{DAC3D916-3080-473A-8F9C-7556B9D9BBFC}.Debug|Any CPU.ActiveCfg = Debug|Any CPU
		{DAC3D916-3080-473A-8F9C-7556B9D9BBFC}.Debug|Any CPU.Build.0 = Debug|Any CPU
		{DAC3D916-3080-473A-8F9C-7556B9D9BBFC}.Debug|x64.ActiveCfg = Debug|Any CPU
		{DAC3D916-3080-473A-8F9C-7556B9D9BBFC}.Debug|x64.Build.0 = Debug|Any CPU
		{DAC3D916-3080-473A-8F9C-7556B9D9BBFC}.Debug|x86.ActiveCfg = Debug|Any CPU
		{DAC3D916-3080-473A-8F9C-7556B9D9BBFC}.Debug|x86.Build.0 = Debug|Any CPU
		{DAC3D916-3080-473A-8F9C-7556B9D9BBFC}.Release|Any CPU.ActiveCfg = Release|Any CPU
		{DAC3D916-3080-473A-8F9C-7556B9D9BBFC}.Release|Any CPU.Build.0 = Release|Any CPU
		{DAC3D916-3080-473A-8F9C-7556B9D9BBFC}.Release|x64.ActiveCfg = Release|Any CPU
		{DAC3D916-3080-473A-8F9C-7556B9D9BBFC}.Release|x64.Build.0 = Release|Any CPU
		{DAC3D916-3080-473A-8F9C-7556B9D9BBFC}.Release|x86.ActiveCfg = Release|Any CPU
		{DAC3D916-3080-473A-8F9C-7556B9D9BBFC}.Release|x86.Build.0 = Release|Any CPU
		{65E24D12-B53F-4455-95B7-9C6A2CA89894}.Debug|Any CPU.ActiveCfg = Debug|Any CPU
		{65E24D12-B53F-4455-95B7-9C6A2CA89894}.Debug|Any CPU.Build.0 = Debug|Any CPU
		{65E24D12-B53F-4455-95B7-9C6A2CA89894}.Debug|x64.ActiveCfg = Debug|Any CPU
		{65E24D12-B53F-4455-95B7-9C6A2CA89894}.Debug|x64.Build.0 = Debug|Any CPU
		{65E24D12-B53F-4455-95B7-9C6A2CA89894}.Debug|x86.ActiveCfg = Debug|Any CPU
		{65E24D12-B53F-4455-95B7-9C6A2CA89894}.Debug|x86.Build.0 = Debug|Any CPU
		{65E24D12-B53F-4455-95B7-9C6A2CA89894}.Release|Any CPU.ActiveCfg = Release|Any CPU
		{65E24D12-B53F-4455-95B7-9C6A2CA89894}.Release|Any CPU.Build.0 = Release|Any CPU
		{65E24D12-B53F-4455-95B7-9C6A2CA89894}.Release|x64.ActiveCfg = Release|Any CPU
		{65E24D12-B53F-4455-95B7-9C6A2CA89894}.Release|x64.Build.0 = Release|Any CPU
		{65E24D12-B53F-4455-95B7-9C6A2CA89894}.Release|x86.ActiveCfg = Release|Any CPU
		{65E24D12-B53F-4455-95B7-9C6A2CA89894}.Release|x86.Build.0 = Release|Any CPU
		{E936BCE7-100B-4D33-B0CA-67D0109CEA10}.Debug|Any CPU.ActiveCfg = Debug|Any CPU
		{E936BCE7-100B-4D33-B0CA-67D0109CEA10}.Debug|Any CPU.Build.0 = Debug|Any CPU
		{E936BCE7-100B-4D33-B0CA-67D0109CEA10}.Debug|x64.ActiveCfg = Debug|Any CPU
		{E936BCE7-100B-4D33-B0CA-67D0109CEA10}.Debug|x64.Build.0 = Debug|Any CPU
		{E936BCE7-100B-4D33-B0CA-67D0109CEA10}.Debug|x86.ActiveCfg = Debug|Any CPU
		{E936BCE7-100B-4D33-B0CA-67D0109CEA10}.Debug|x86.Build.0 = Debug|Any CPU
		{E936BCE7-100B-4D33-B0CA-67D0109CEA10}.Release|Any CPU.ActiveCfg = Release|Any CPU
		{E936BCE7-100B-4D33-B0CA-67D0109CEA10}.Release|Any CPU.Build.0 = Release|Any CPU
		{E936BCE7-100B-4D33-B0CA-67D0109CEA10}.Release|x64.ActiveCfg = Release|Any CPU
		{E936BCE7-100B-4D33-B0CA-67D0109CEA10}.Release|x64.Build.0 = Release|Any CPU
		{E936BCE7-100B-4D33-B0CA-67D0109CEA10}.Release|x86.ActiveCfg = Release|Any CPU
		{E936BCE7-100B-4D33-B0CA-67D0109CEA10}.Release|x86.Build.0 = Release|Any CPU
		{5FBF24C3-6953-4938-96BD-BC3ECFEC2899}.Debug|Any CPU.ActiveCfg = Debug|Any CPU
		{5FBF24C3-6953-4938-96BD-BC3ECFEC2899}.Debug|Any CPU.Build.0 = Debug|Any CPU
		{5FBF24C3-6953-4938-96BD-BC3ECFEC2899}.Debug|x64.ActiveCfg = Debug|Any CPU
		{5FBF24C3-6953-4938-96BD-BC3ECFEC2899}.Debug|x64.Build.0 = Debug|Any CPU
		{5FBF24C3-6953-4938-96BD-BC3ECFEC2899}.Debug|x86.ActiveCfg = Debug|Any CPU
		{5FBF24C3-6953-4938-96BD-BC3ECFEC2899}.Debug|x86.Build.0 = Debug|Any CPU
		{5FBF24C3-6953-4938-96BD-BC3ECFEC2899}.Release|Any CPU.ActiveCfg = Release|Any CPU
		{5FBF24C3-6953-4938-96BD-BC3ECFEC2899}.Release|Any CPU.Build.0 = Release|Any CPU
		{5FBF24C3-6953-4938-96BD-BC3ECFEC2899}.Release|x64.ActiveCfg = Release|Any CPU
		{5FBF24C3-6953-4938-96BD-BC3ECFEC2899}.Release|x64.Build.0 = Release|Any CPU
		{5FBF24C3-6953-4938-96BD-BC3ECFEC2899}.Release|x86.ActiveCfg = Release|Any CPU
		{5FBF24C3-6953-4938-96BD-BC3ECFEC2899}.Release|x86.Build.0 = Release|Any CPU
		{F739C970-C79D-4F02-9F49-094A02753C92}.Debug|Any CPU.ActiveCfg = Debug|Any CPU
		{F739C970-C79D-4F02-9F49-094A02753C92}.Debug|Any CPU.Build.0 = Debug|Any CPU
		{F739C970-C79D-4F02-9F49-094A02753C92}.Debug|x64.ActiveCfg = Debug|Any CPU
		{F739C970-C79D-4F02-9F49-094A02753C92}.Debug|x64.Build.0 = Debug|Any CPU
		{F739C970-C79D-4F02-9F49-094A02753C92}.Debug|x86.ActiveCfg = Debug|Any CPU
		{F739C970-C79D-4F02-9F49-094A02753C92}.Debug|x86.Build.0 = Debug|Any CPU
		{F739C970-C79D-4F02-9F49-094A02753C92}.Release|Any CPU.ActiveCfg = Release|Any CPU
		{F739C970-C79D-4F02-9F49-094A02753C92}.Release|Any CPU.Build.0 = Release|Any CPU
		{F739C970-C79D-4F02-9F49-094A02753C92}.Release|x64.ActiveCfg = Release|Any CPU
		{F739C970-C79D-4F02-9F49-094A02753C92}.Release|x64.Build.0 = Release|Any CPU
		{F739C970-C79D-4F02-9F49-094A02753C92}.Release|x86.ActiveCfg = Release|Any CPU
		{F739C970-C79D-4F02-9F49-094A02753C92}.Release|x86.Build.0 = Release|Any CPU
	EndGlobalSection
	GlobalSection(SolutionProperties) = preSolution
		HideSolutionNode = FALSE
	EndGlobalSection
	GlobalSection(NestedProjects) = preSolution
		{72893F62-1AD7-46A0-8F97-F813119685FE} = {23C114B9-080A-47BC-9FE7-673E1E0B9856}
		{0158837D-1931-445E-B8B4-60144B4ED9D6} = {23C114B9-080A-47BC-9FE7-673E1E0B9856}
		{38C2CAEF-282A-4DB8-BD46-90C93EA8CD10} = {23C114B9-080A-47BC-9FE7-673E1E0B9856}
		{D77A2C90-177F-4136-99F8-9BFCF903B289} = {C087DEB7-775E-41AA-A635-7961034570DC}
		{0C62481D-5C5E-4F78-BB26-8477F0FD8AE4} = {C087DEB7-775E-41AA-A635-7961034570DC}
		{DAC3D916-3080-473A-8F9C-7556B9D9BBFC} = {4AAB4675-C1B3-49E1-87DA-72E66D8AF90C}
		{65E24D12-B53F-4455-95B7-9C6A2CA89894} = {23C114B9-080A-47BC-9FE7-673E1E0B9856}
		{E936BCE7-100B-4D33-B0CA-67D0109CEA10} = {C087DEB7-775E-41AA-A635-7961034570DC}
		{5FBF24C3-6953-4938-96BD-BC3ECFEC2899} = {23C114B9-080A-47BC-9FE7-673E1E0B9856}
		{F739C970-C79D-4F02-9F49-094A02753C92} = {C087DEB7-775E-41AA-A635-7961034570DC}
	EndGlobalSection
	GlobalSection(ExtensibilityGlobals) = postSolution
		SolutionGuid = {596765F3-28D7-480C-9E4C-03DDD9F0F82C}
	EndGlobalSection
EndGlobal
